
Microsoft Visual Studio Solution File, Format Version 12.00
# Visual Studio Version 17
VisualStudioVersion = 17.3.32825.248
MinimumVisualStudioVersion = 10.0.40219.1
Project("{FAE04EC0-301F-11D3-BF4B-00C04F79EFBC}") = "telnet_server", "telnet_server\telnet_server.csproj", "{92880FA4-C5D7-4932-9A6D-82519E16CFE0}"
EndProject
Global
	GlobalSection(SolutionConfigurationPlatforms) = preSolution
		Debug|Any CPU = Debug|Any CPU
		Release|Any CPU = Release|Any CPU
	EndGlobalSection
	GlobalSection(ProjectConfigurationPlatforms) = postSolution
		{92880FA4-C5D7-4932-9A6D-82519E16CFE0}.Debug|Any CPU.ActiveCfg = Debug|Any CPU
		{92880FA4-C5D7-4932-9A6D-82519E16CFE0}.Debug|Any CPU.Build.0 = Debug|Any CPU
		{92880FA4-C5D7-4932-9A6D-82519E16CFE0}.Release|Any CPU.ActiveCfg = Release|Any CPU
		{92880FA4-C5D7-4932-9A6D-82519E16CFE0}.Release|Any CPU.Build.0 = Release|Any CPU
	EndGlobalSection
	GlobalSection(SolutionProperties) = preSolution
		HideSolutionNode = FALSE
	EndGlobalSection
	GlobalSection(ExtensibilityGlobals) = postSolution
		SolutionGuid = {42730350-7B3B-4FBD-8C2C-764CCB8523C9}
	EndGlobalSection
EndGlobal
